{
  "originHash" : "4d6fefed2441c14987d607518e57b1735d7c331d3cb7e1d7c820333111be97e7",
  "pins" : [
    {
      "identity" : "graphviz",
      "kind" : "remoteSourceControl",
      "location" : "https://github.com/pusateri/GraphViz",
      "state" : {
        "revision" : "9a9639b0431cd3935d609c51a0c0b00739c590da",
        "version" : "0.5.4"
      }
    },
    {
      "identity" : "graphvizframeworkpkg",
      "kind" : "remoteSourceControl",
      "location" : "https://github.com/pusateri/GraphvizFrameworkPkg",
      "state" : {
        "revision" : "4a6121afdaabf8b5748b653225fa567f9a22969e",
        "version" : "0.2.1"
      }
    },
    {
      "identity" : "swift-markdownkit",
      "kind" : "remoteSourceControl",
      "location" : "https://github.com/objecthub/swift-markdownkit.git",
      "state" : {
        "revision" : "c6c009353863779ee5855b1cf58ced6a3b851f3e",
        "version" : "1.1.5"
      }
    },
    {
      "identity" : "swiftyxmlparser",
      "kind" : "remoteSourceControl",
      "location" : "https://github.com/yahoojapan/SwiftyXMLParser",
      "state" : {
        "revision" : "d7a1d23f04c86c1cd2e8f19247dd15d74e0ea8be",
        "version" : "5.6.0"
      }
    }
  ],
  "version" : 3
}
