{
  "originHash" : "4d6fefed2441c14987d607518e57b1735d7c331d3cb7e1d7c820333111be97e7",
  "pins" : [
    {
      "identity" : "graphviz",
      "kind" : "remoteSourceControl",
      "location" : "https://github.com/pusateri/GraphViz",
      "state" : {
        "revision" : "5292ab945a9803201d9632778e3015eaf3eaa6a0",
        "version" : "0.5.5"
      }
    },
    {
      "identity" : "graphvizframeworkpkg",
      "kind" : "remoteSourceControl",
      "location" : "https://github.com/pusateri/GraphvizFrameworkPkg",
      "state" : {
        "revision" : "0d309fd6f8517ba179570175073c227a71565b0e",
        "version" : "0.2.2"
      }
    },
    {
      "identity" : "swift-markdownkit",
      "kind" : "remoteSourceControl",
      "location" : "https://github.com/objecthub/swift-markdownkit.git",
      "state" : {
        "revision" : "c6c009353863779ee5855b1cf58ced6a3b851f3e",
        "version" : "1.1.5"
      }
    },
    {
      "identity" : "swiftyxmlparser",
      "kind" : "remoteSourceControl",
      "location" : "https://github.com/yahoojapan/SwiftyXMLParser",
      "state" : {
        "revision" : "d7a1d23f04c86c1cd2e8f19247dd15d74e0ea8be",
        "version" : "5.6.0"
      }
    }
  ],
  "version" : 3
}
