// !$*UTF8*$!
{
	archiveVersion = 1;
	classes = {
	};
	objectVersion = 56;
	objects = {

/* Begin PBXBuildFile section */
		F80CA26729469B60002AD2C6 /* DownloadListView.swift in Sources */ = {isa = PBXBuildFile; fileRef = F80CA26629469B60002AD2C6 /* DownloadListView.swift */; };
		F80CA269294778FA002AD2C6 /* GroupListRowView.swift in Sources */ = {isa = PBXBuildFile; fileRef = F80CA268294778FA002AD2C6 /* GroupListRowView.swift */; };
		F80CA26D2947BC73002AD2C6 /* SessionListLocationView.swift in Sources */ = {isa = PBXBuildFile; fileRef = F80CA26C2947BC73002AD2C6 /* SessionListLocationView.swift */; };
		F80CA271294920D9002AD2C6 /* DownloadViewModel.swift in Sources */ = {isa = PBXBuildFile; fileRef = F80CA270294920D9002AD2C6 /* DownloadViewModel.swift */; };
		F80CA275294ABA24002AD2C6 /* HTML.swift in Sources */ = {isa = PBXBuildFile; fileRef = F80CA274294ABA24002AD2C6 /* HTML.swift */; };
		F8249B2E2979DC83004B66DF /* DynamicFetchRequestView.swift in Sources */ = {isa = PBXBuildFile; fileRef = F8249B2D2979DC83004B66DF /* DynamicFetchRequestView.swift */; };
		F8249B30297ABB1F004B66DF /* RFCDetailView.swift in Sources */ = {isa = PBXBuildFile; fileRef = F8249B2F297ABB1F004B66DF /* RFCDetailView.swift */; };
		F82FFEA529624ED1007AA54A /* DownloadDetailView.swift in Sources */ = {isa = PBXBuildFile; fileRef = F82FFEA429624ED1007AA54A /* DownloadDetailView.swift */; };
		F82FFEAA2964C73C007AA54A /* SwiftyXMLParser in Frameworks */ = {isa = PBXBuildFile; productRef = F82FFEA92964C73C007AA54A /* SwiftyXMLParser */; };
		F82FFEAC2964C8FF007AA54A /* RFCParser.swift in Sources */ = {isa = PBXBuildFile; fileRef = F82FFEAB2964C8FE007AA54A /* RFCParser.swift */; };
		F82FFEAF2965D897007AA54A /* RFCListView.swift in Sources */ = {isa = PBXBuildFile; fileRef = F82FFEAE2965D897007AA54A /* RFCListView.swift */; };
		F83750612978741400EBABB4 /* SplitViewContent.swift in Sources */ = {isa = PBXBuildFile; fileRef = F83750602978741400EBABB4 /* SplitViewContent.swift */; };
		F855A19929803C1F00CDE2C9 /* UIDevice+Extension.swift in Sources */ = {isa = PBXBuildFile; fileRef = F855A19829803C1F00CDE2C9 /* UIDevice+Extension.swift */; };
		F85D55C0295E05F900569A77 /* DetailViewUnwrapped.swift in Sources */ = {isa = PBXBuildFile; fileRef = F85D55BF295E05F900569A77 /* DetailViewUnwrapped.swift */; };
		F85D55C2295E72B100569A77 /* MacOSCompat.swift in Sources */ = {isa = PBXBuildFile; fileRef = F85D55C1295E72B100569A77 /* MacOSCompat.swift */; };
		F85D55C4295F71DB00569A77 /* SessionFilterMenu.swift in Sources */ = {isa = PBXBuildFile; fileRef = F85D55C3295F71DB00569A77 /* SessionFilterMenu.swift */; };
		F85D55C6295F7A7500569A77 /* SessionListTitleView.swift in Sources */ = {isa = PBXBuildFile; fileRef = F85D55C5295F7A7500569A77 /* SessionListTitleView.swift */; };
		F85D55C8295F85B200569A77 /* GroupListTitleView.swift in Sources */ = {isa = PBXBuildFile; fileRef = F85D55C7295F85B200569A77 /* GroupListTitleView.swift */; };
		F85D55CA295F86DC00569A77 /* GroupFilterMenu.swift in Sources */ = {isa = PBXBuildFile; fileRef = F85D55C9295F86DC00569A77 /* GroupFilterMenu.swift */; };
		F85D99BB2968C55000DE37E0 /* RFCProvider.swift in Sources */ = {isa = PBXBuildFile; fileRef = F85D99BA2968C55000DE37E0 /* RFCProvider.swift */; };
		F85D99BD2968C9C500DE37E0 /* IETFNextError.swift in Sources */ = {isa = PBXBuildFile; fileRef = F85D99BC2968C9C500DE37E0 /* IETFNextError.swift */; };
		F85D99C32968CC9E00DE37E0 /* RFC+Extension.swift in Sources */ = {isa = PBXBuildFile; fileRef = F85D99C22968CC9E00DE37E0 /* RFC+Extension.swift */; };
		F865B9F2295930AB00C3DB13 /* LocationDetailView.swift in Sources */ = {isa = PBXBuildFile; fileRef = F865B9F1295930AB00C3DB13 /* LocationDetailView.swift */; };
		F87E0F42294FD45800E1E1A8 /* MarkdownKit in Frameworks */ = {isa = PBXBuildFile; productRef = F87E0F41294FD45800E1E1A8 /* MarkdownKit */; };
		F884CA292974CF45004B45C7 /* graphvizFramework in Frameworks */ = {isa = PBXBuildFile; productRef = F884CA282974CF45004B45C7 /* graphvizFramework */; };
		F884CA2C2974CF5F004B45C7 /* GraphViz in Frameworks */ = {isa = PBXBuildFile; productRef = F884CA2B2974CF5F004B45C7 /* GraphViz */; };
		F884CA2E29762A72004B45C7 /* BCPListView.swift in Sources */ = {isa = PBXBuildFile; fileRef = F884CA2D29762A72004B45C7 /* BCPListView.swift */; };
		F884CA3029762AF7004B45C7 /* RFCListRowView.swift in Sources */ = {isa = PBXBuildFile; fileRef = F884CA2F29762AF7004B45C7 /* RFCListRowView.swift */; };
		F884CA3229762C99004B45C7 /* Graph.swift in Sources */ = {isa = PBXBuildFile; fileRef = F884CA3129762C99004B45C7 /* Graph.swift */; };
		F88B7E5C2960931B00F770C9 /* LocationPhotoMenuView.swift in Sources */ = {isa = PBXBuildFile; fileRef = F88B7E5B2960931B00F770C9 /* LocationPhotoMenuView.swift */; };
		F8E127BC293BFE1B004A35E8 /* AreaColors.swift in Sources */ = {isa = PBXBuildFile; fileRef = F8E127BB293BFE1B004A35E8 /* AreaColors.swift */; };
		F8E127BE293E46FA004A35E8 /* GroupListFilteredView.swift in Sources */ = {isa = PBXBuildFile; fileRef = F8E127BD293E46FA004A35E8 /* GroupListFilteredView.swift */; };
		F8E127C0293EA7A4004A35E8 /* SessionListView.swift in Sources */ = {isa = PBXBuildFile; fileRef = F8E127BF293EA7A4004A35E8 /* SessionListView.swift */; };
		F8E127C22940E254004A35E8 /* DetailView.swift in Sources */ = {isa = PBXBuildFile; fileRef = F8E127C12940E254004A35E8 /* DetailView.swift */; };
		F8E127C62942BF18004A35E8 /* DocumentListView.swift in Sources */ = {isa = PBXBuildFile; fileRef = F8E127C52942BF18004A35E8 /* DocumentListView.swift */; };
		F8E127C92943F13B004A35E8 /* Revision.swift in Sources */ = {isa = PBXBuildFile; fileRef = F8E127C82943F13B004A35E8 /* Revision.swift */; };
		F8E9B99D2934101200CA6F09 /* IETFNextApp.swift in Sources */ = {isa = PBXBuildFile; fileRef = F8E9B99C2934101200CA6F09 /* IETFNextApp.swift */; };
		F8E9B9A22934101200CA6F09 /* IETFNext.xcdatamodeld in Sources */ = {isa = PBXBuildFile; fileRef = F8E9B9A02934101200CA6F09 /* IETFNext.xcdatamodeld */; };
		F8E9B9A42934101200CA6F09 /* ContentView.swift in Sources */ = {isa = PBXBuildFile; fileRef = F8E9B9A32934101200CA6F09 /* ContentView.swift */; };
		F8E9B9A62934101300CA6F09 /* Assets.xcassets in Resources */ = {isa = PBXBuildFile; fileRef = F8E9B9A52934101300CA6F09 /* Assets.xcassets */; };
		F8E9B9AA2934101300CA6F09 /* Preview Assets.xcassets in Resources */ = {isa = PBXBuildFile; fileRef = F8E9B9A92934101300CA6F09 /* Preview Assets.xcassets */; };
		F8E9B9B42934101300CA6F09 /* IETFNextTests.swift in Sources */ = {isa = PBXBuildFile; fileRef = F8E9B9B32934101300CA6F09 /* IETFNextTests.swift */; };
		F8E9B9BE2934101300CA6F09 /* IETFNextUITests.swift in Sources */ = {isa = PBXBuildFile; fileRef = F8E9B9BD2934101300CA6F09 /* IETFNextUITests.swift */; };
		F8E9B9C02934101300CA6F09 /* IETFNextUITestsLaunchTests.swift in Sources */ = {isa = PBXBuildFile; fileRef = F8E9B9BF2934101300CA6F09 /* IETFNextUITestsLaunchTests.swift */; };
		F8E9B9CD2934295E00CA6F09 /* Load.swift in Sources */ = {isa = PBXBuildFile; fileRef = F8E9B9CC2934295E00CA6F09 /* Load.swift */; };
		F8E9B9D32935070D00CA6F09 /* MeetingListView.swift in Sources */ = {isa = PBXBuildFile; fileRef = F8E9B9D22935070D00CA6F09 /* MeetingListView.swift */; };
		F8E9BA112935624100CA6F09 /* LocationListView.swift in Sources */ = {isa = PBXBuildFile; fileRef = F8E9BA102935624100CA6F09 /* LocationListView.swift */; };
		F8E9BA1329366A4000CA6F09 /* MeetingListRowView.swift in Sources */ = {isa = PBXBuildFile; fileRef = F8E9BA1229366A4000CA6F09 /* MeetingListRowView.swift */; };
		F8E9BA152936B5FA00CA6F09 /* WebView.swift in Sources */ = {isa = PBXBuildFile; fileRef = F8E9BA142936B5FA00CA6F09 /* WebView.swift */; };
		F8E9BA172937EB2C00CA6F09 /* SessionListRowView.swift in Sources */ = {isa = PBXBuildFile; fileRef = F8E9BA162937EB2C00CA6F09 /* SessionListRowView.swift */; };
		F8F129C3297752A90096B3D4 /* RFCListTitleView.swift in Sources */ = {isa = PBXBuildFile; fileRef = F8F129C2297752A90096B3D4 /* RFCListTitleView.swift */; };
		F8F129C529776E970096B3D4 /* RFCFilterMenu.swift in Sources */ = {isa = PBXBuildFile; fileRef = F8F129C429776E970096B3D4 /* RFCFilterMenu.swift */; };
/* End PBXBuildFile section */

/* Begin PBXContainerItemProxy section */
		F8E9B9B02934101300CA6F09 /* PBXContainerItemProxy */ = {
			isa = PBXContainerItemProxy;
			containerPortal = F8E9B9912934101200CA6F09 /* Project object */;
			proxyType = 1;
			remoteGlobalIDString = F8E9B9982934101200CA6F09;
			remoteInfo = IETFNext;
		};
		F8E9B9BA2934101300CA6F09 /* PBXContainerItemProxy */ = {
			isa = PBXContainerItemProxy;
			containerPortal = F8E9B9912934101200CA6F09 /* Project object */;
			proxyType = 1;
			remoteGlobalIDString = F8E9B9982934101200CA6F09;
			remoteInfo = IETFNext;
		};
/* End PBXContainerItemProxy section */

/* Begin PBXFileReference section */
		F80633BF29523631006D69AD /* IETFNext 4.xcdatamodel */ = {isa = PBXFileReference; lastKnownFileType = wrapper.xcdatamodel; path = "IETFNext 4.xcdatamodel"; sourceTree = "<group>"; };
		F80CA26329469780002AD2C6 /* IETFNext 2.xcdatamodel */ = {isa = PBXFileReference; lastKnownFileType = wrapper.xcdatamodel; path = "IETFNext 2.xcdatamodel"; sourceTree = "<group>"; };
		F80CA26629469B60002AD2C6 /* DownloadListView.swift */ = {isa = PBXFileReference; lastKnownFileType = sourcecode.swift; path = DownloadListView.swift; sourceTree = "<group>"; };
		F80CA268294778FA002AD2C6 /* GroupListRowView.swift */ = {isa = PBXFileReference; lastKnownFileType = sourcecode.swift; path = GroupListRowView.swift; sourceTree = "<group>"; };
		F80CA26C2947BC73002AD2C6 /* SessionListLocationView.swift */ = {isa = PBXFileReference; lastKnownFileType = sourcecode.swift; path = SessionListLocationView.swift; sourceTree = "<group>"; };
		F80CA270294920D9002AD2C6 /* DownloadViewModel.swift */ = {isa = PBXFileReference; lastKnownFileType = sourcecode.swift; path = DownloadViewModel.swift; sourceTree = "<group>"; };
		F80CA274294ABA24002AD2C6 /* HTML.swift */ = {isa = PBXFileReference; lastKnownFileType = sourcecode.swift; path = HTML.swift; sourceTree = "<group>"; };
		F80CA276294B937B002AD2C6 /* IETFNext 3.xcdatamodel */ = {isa = PBXFileReference; lastKnownFileType = wrapper.xcdatamodel; path = "IETFNext 3.xcdatamodel"; sourceTree = "<group>"; };
		F8249B2D2979DC83004B66DF /* DynamicFetchRequestView.swift */ = {isa = PBXFileReference; lastKnownFileType = sourcecode.swift; path = DynamicFetchRequestView.swift; sourceTree = "<group>"; };
		F8249B2F297ABB1F004B66DF /* RFCDetailView.swift */ = {isa = PBXFileReference; lastKnownFileType = sourcecode.swift; path = RFCDetailView.swift; sourceTree = "<group>"; };
		F82FFEA329621B0B007AA54A /* IETFNext 5.xcdatamodel */ = {isa = PBXFileReference; lastKnownFileType = wrapper.xcdatamodel; path = "IETFNext 5.xcdatamodel"; sourceTree = "<group>"; };
		F82FFEA429624ED1007AA54A /* DownloadDetailView.swift */ = {isa = PBXFileReference; lastKnownFileType = sourcecode.swift; path = DownloadDetailView.swift; sourceTree = "<group>"; };
		F82FFEAB2964C8FE007AA54A /* RFCParser.swift */ = {isa = PBXFileReference; fileEncoding = 4; lastKnownFileType = sourcecode.swift; path = RFCParser.swift; sourceTree = "<group>"; };
		F82FFEAD2964D0DA007AA54A /* IETFNext 6.xcdatamodel */ = {isa = PBXFileReference; lastKnownFileType = wrapper.xcdatamodel; path = "IETFNext 6.xcdatamodel"; sourceTree = "<group>"; };
		F82FFEAE2965D897007AA54A /* RFCListView.swift */ = {isa = PBXFileReference; lastKnownFileType = sourcecode.swift; path = RFCListView.swift; sourceTree = "<group>"; };
		F837505F2978527000EBABB4 /* IETFNext 7.xcdatamodel */ = {isa = PBXFileReference; lastKnownFileType = wrapper.xcdatamodel; path = "IETFNext 7.xcdatamodel"; sourceTree = "<group>"; };
		F83750602978741400EBABB4 /* SplitViewContent.swift */ = {isa = PBXFileReference; lastKnownFileType = sourcecode.swift; path = SplitViewContent.swift; sourceTree = "<group>"; };
		F855A19829803C1F00CDE2C9 /* UIDevice+Extension.swift */ = {isa = PBXFileReference; lastKnownFileType = sourcecode.swift; path = "UIDevice+Extension.swift"; sourceTree = "<group>"; };
		F85D55BF295E05F900569A77 /* DetailViewUnwrapped.swift */ = {isa = PBXFileReference; lastKnownFileType = sourcecode.swift; path = DetailViewUnwrapped.swift; sourceTree = "<group>"; };
		F85D55C1295E72B100569A77 /* MacOSCompat.swift */ = {isa = PBXFileReference; lastKnownFileType = sourcecode.swift; path = MacOSCompat.swift; sourceTree = "<group>"; };
		F85D55C3295F71DB00569A77 /* SessionFilterMenu.swift */ = {isa = PBXFileReference; lastKnownFileType = sourcecode.swift; path = SessionFilterMenu.swift; sourceTree = "<group>"; };
		F85D55C5295F7A7500569A77 /* SessionListTitleView.swift */ = {isa = PBXFileReference; lastKnownFileType = sourcecode.swift; path = SessionListTitleView.swift; sourceTree = "<group>"; };
		F85D55C7295F85B200569A77 /* GroupListTitleView.swift */ = {isa = PBXFileReference; lastKnownFileType = sourcecode.swift; path = GroupListTitleView.swift; sourceTree = "<group>"; };
		F85D55C9295F86DC00569A77 /* GroupFilterMenu.swift */ = {isa = PBXFileReference; lastKnownFileType = sourcecode.swift; path = GroupFilterMenu.swift; sourceTree = "<group>"; };
		F85D99BA2968C55000DE37E0 /* RFCProvider.swift */ = {isa = PBXFileReference; lastKnownFileType = sourcecode.swift; path = RFCProvider.swift; sourceTree = "<group>"; };
		F85D99BC2968C9C500DE37E0 /* IETFNextError.swift */ = {isa = PBXFileReference; lastKnownFileType = sourcecode.swift; path = IETFNextError.swift; sourceTree = "<group>"; };
		F85D99C22968CC9E00DE37E0 /* RFC+Extension.swift */ = {isa = PBXFileReference; lastKnownFileType = sourcecode.swift; path = "RFC+Extension.swift"; sourceTree = "<group>"; };
		F865B9F1295930AB00C3DB13 /* LocationDetailView.swift */ = {isa = PBXFileReference; lastKnownFileType = sourcecode.swift; path = LocationDetailView.swift; sourceTree = "<group>"; };
		F884CA2D29762A72004B45C7 /* BCPListView.swift */ = {isa = PBXFileReference; lastKnownFileType = sourcecode.swift; path = BCPListView.swift; sourceTree = "<group>"; };
		F884CA2F29762AF7004B45C7 /* RFCListRowView.swift */ = {isa = PBXFileReference; lastKnownFileType = sourcecode.swift; path = RFCListRowView.swift; sourceTree = "<group>"; };
		F884CA3129762C99004B45C7 /* Graph.swift */ = {isa = PBXFileReference; lastKnownFileType = sourcecode.swift; path = Graph.swift; sourceTree = "<group>"; };
		F88B7E5B2960931B00F770C9 /* LocationPhotoMenuView.swift */ = {isa = PBXFileReference; lastKnownFileType = sourcecode.swift; path = LocationPhotoMenuView.swift; sourceTree = "<group>"; };
		F8C913352980B2580004D458 /* IETFNext 8.xcdatamodel */ = {isa = PBXFileReference; lastKnownFileType = wrapper.xcdatamodel; path = "IETFNext 8.xcdatamodel"; sourceTree = "<group>"; };
		F8E127BB293BFE1B004A35E8 /* AreaColors.swift */ = {isa = PBXFileReference; lastKnownFileType = sourcecode.swift; path = AreaColors.swift; sourceTree = "<group>"; };
		F8E127BD293E46FA004A35E8 /* GroupListFilteredView.swift */ = {isa = PBXFileReference; lastKnownFileType = sourcecode.swift; path = GroupListFilteredView.swift; sourceTree = "<group>"; };
		F8E127BF293EA7A4004A35E8 /* SessionListView.swift */ = {isa = PBXFileReference; lastKnownFileType = sourcecode.swift; path = SessionListView.swift; sourceTree = "<group>"; };
		F8E127C12940E254004A35E8 /* DetailView.swift */ = {isa = PBXFileReference; lastKnownFileType = sourcecode.swift; path = DetailView.swift; sourceTree = "<group>"; };
		F8E127C52942BF18004A35E8 /* DocumentListView.swift */ = {isa = PBXFileReference; lastKnownFileType = sourcecode.swift; path = DocumentListView.swift; sourceTree = "<group>"; };
		F8E127C82943F13B004A35E8 /* Revision.swift */ = {isa = PBXFileReference; fileEncoding = 4; lastKnownFileType = sourcecode.swift; path = Revision.swift; sourceTree = SOURCE_ROOT; };
		F8E127CA29450ED7004A35E8 /* Info.plist */ = {isa = PBXFileReference; lastKnownFileType = text.plist; path = Info.plist; sourceTree = "<group>"; };
		F8E9B9992934101200CA6F09 /* IETFNext.app */ = {isa = PBXFileReference; explicitFileType = wrapper.application; includeInIndex = 0; path = IETFNext.app; sourceTree = BUILT_PRODUCTS_DIR; };
		F8E9B99C2934101200CA6F09 /* IETFNextApp.swift */ = {isa = PBXFileReference; lastKnownFileType = sourcecode.swift; path = IETFNextApp.swift; sourceTree = "<group>"; };
		F8E9B9A12934101200CA6F09 /* IETFNext.xcdatamodel */ = {isa = PBXFileReference; lastKnownFileType = wrapper.xcdatamodel; path = IETFNext.xcdatamodel; sourceTree = "<group>"; };
		F8E9B9A32934101200CA6F09 /* ContentView.swift */ = {isa = PBXFileReference; lastKnownFileType = sourcecode.swift; path = ContentView.swift; sourceTree = "<group>"; };
		F8E9B9A52934101300CA6F09 /* Assets.xcassets */ = {isa = PBXFileReference; lastKnownFileType = folder.assetcatalog; path = Assets.xcassets; sourceTree = "<group>"; };
		F8E9B9A72934101300CA6F09 /* IETFNext.entitlements */ = {isa = PBXFileReference; lastKnownFileType = text.plist.entitlements; path = IETFNext.entitlements; sourceTree = "<group>"; };
		F8E9B9A92934101300CA6F09 /* Preview Assets.xcassets */ = {isa = PBXFileReference; lastKnownFileType = folder.assetcatalog; path = "Preview Assets.xcassets"; sourceTree = "<group>"; };
		F8E9B9AF2934101300CA6F09 /* IETFNextTests.xctest */ = {isa = PBXFileReference; explicitFileType = wrapper.cfbundle; includeInIndex = 0; path = IETFNextTests.xctest; sourceTree = BUILT_PRODUCTS_DIR; };
		F8E9B9B32934101300CA6F09 /* IETFNextTests.swift */ = {isa = PBXFileReference; lastKnownFileType = sourcecode.swift; path = IETFNextTests.swift; sourceTree = "<group>"; };
		F8E9B9B92934101300CA6F09 /* IETFNextUITests.xctest */ = {isa = PBXFileReference; explicitFileType = wrapper.cfbundle; includeInIndex = 0; path = IETFNextUITests.xctest; sourceTree = BUILT_PRODUCTS_DIR; };
		F8E9B9BD2934101300CA6F09 /* IETFNextUITests.swift */ = {isa = PBXFileReference; lastKnownFileType = sourcecode.swift; path = IETFNextUITests.swift; sourceTree = "<group>"; };
		F8E9B9BF2934101300CA6F09 /* IETFNextUITestsLaunchTests.swift */ = {isa = PBXFileReference; lastKnownFileType = sourcecode.swift; path = IETFNextUITestsLaunchTests.swift; sourceTree = "<group>"; };
		F8E9B9CC2934295E00CA6F09 /* Load.swift */ = {isa = PBXFileReference; lastKnownFileType = sourcecode.swift; path = Load.swift; sourceTree = "<group>"; };
		F8E9B9D22935070D00CA6F09 /* MeetingListView.swift */ = {isa = PBXFileReference; lastKnownFileType = sourcecode.swift; path = MeetingListView.swift; sourceTree = "<group>"; };
		F8E9BA102935624100CA6F09 /* LocationListView.swift */ = {isa = PBXFileReference; lastKnownFileType = sourcecode.swift; path = LocationListView.swift; sourceTree = "<group>"; };
		F8E9BA1229366A4000CA6F09 /* MeetingListRowView.swift */ = {isa = PBXFileReference; lastKnownFileType = sourcecode.swift; path = MeetingListRowView.swift; sourceTree = "<group>"; };
		F8E9BA142936B5FA00CA6F09 /* WebView.swift */ = {isa = PBXFileReference; lastKnownFileType = sourcecode.swift; path = WebView.swift; sourceTree = "<group>"; };
		F8E9BA162937EB2C00CA6F09 /* SessionListRowView.swift */ = {isa = PBXFileReference; lastKnownFileType = sourcecode.swift; path = SessionListRowView.swift; sourceTree = "<group>"; };
		F8F129C2297752A90096B3D4 /* RFCListTitleView.swift */ = {isa = PBXFileReference; lastKnownFileType = sourcecode.swift; path = RFCListTitleView.swift; sourceTree = "<group>"; };
		F8F129C429776E970096B3D4 /* RFCFilterMenu.swift */ = {isa = PBXFileReference; lastKnownFileType = sourcecode.swift; path = RFCFilterMenu.swift; sourceTree = "<group>"; };
/* End PBXFileReference section */

/* Begin PBXFrameworksBuildPhase section */
		F8E9B9962934101200CA6F09 /* Frameworks */ = {
			isa = PBXFrameworksBuildPhase;
			buildActionMask = 2147483647;
			files = (
				F87E0F42294FD45800E1E1A8 /* MarkdownKit in Frameworks */,
				F884CA292974CF45004B45C7 /* graphvizFramework in Frameworks */,
				F82FFEAA2964C73C007AA54A /* SwiftyXMLParser in Frameworks */,
				F884CA2C2974CF5F004B45C7 /* GraphViz in Frameworks */,
			);
			runOnlyForDeploymentPostprocessing = 0;
		};
		F8E9B9AC2934101300CA6F09 /* Frameworks */ = {
			isa = PBXFrameworksBuildPhase;
			buildActionMask = 2147483647;
			files = (
			);
			runOnlyForDeploymentPostprocessing = 0;
		};
		F8E9B9B62934101300CA6F09 /* Frameworks */ = {
			isa = PBXFrameworksBuildPhase;
			buildActionMask = 2147483647;
			files = (
			);
			runOnlyForDeploymentPostprocessing = 0;
		};
/* End PBXFrameworksBuildPhase section */

/* Begin PBXGroup section */
		F8E9B9902934101200CA6F09 = {
			isa = PBXGroup;
			children = (
				F8E9B99B2934101200CA6F09 /* IETFNext */,
				F8E9B9B22934101300CA6F09 /* IETFNextTests */,
				F8E9B9BC2934101300CA6F09 /* IETFNextUITests */,
				F8E9B99A2934101200CA6F09 /* Products */,
			);
			sourceTree = "<group>";
		};
		F8E9B99A2934101200CA6F09 /* Products */ = {
			isa = PBXGroup;
			children = (
				F8E9B9992934101200CA6F09 /* IETFNext.app */,
				F8E9B9AF2934101300CA6F09 /* IETFNextTests.xctest */,
				F8E9B9B92934101300CA6F09 /* IETFNextUITests.xctest */,
			);
			name = Products;
			sourceTree = "<group>";
		};
		F8E9B99B2934101200CA6F09 /* IETFNext */ = {
			isa = PBXGroup;
			children = (
				F8E127CA29450ED7004A35E8 /* Info.plist */,
				F8E127C82943F13B004A35E8 /* Revision.swift */,
				F8E9B99C2934101200CA6F09 /* IETFNextApp.swift */,
				F8E127BB293BFE1B004A35E8 /* AreaColors.swift */,
				F884CA2D29762A72004B45C7 /* BCPListView.swift */,
				F8E9B9A32934101200CA6F09 /* ContentView.swift */,
				F8E127C12940E254004A35E8 /* DetailView.swift */,
				F85D55BF295E05F900569A77 /* DetailViewUnwrapped.swift */,
				F8E127C52942BF18004A35E8 /* DocumentListView.swift */,
				F82FFEA429624ED1007AA54A /* DownloadDetailView.swift */,
				F80CA26629469B60002AD2C6 /* DownloadListView.swift */,
				F80CA270294920D9002AD2C6 /* DownloadViewModel.swift */,
				F8249B2D2979DC83004B66DF /* DynamicFetchRequestView.swift */,
				F884CA3129762C99004B45C7 /* Graph.swift */,
				F85D55C9295F86DC00569A77 /* GroupFilterMenu.swift */,
				F8E127BD293E46FA004A35E8 /* GroupListFilteredView.swift */,
				F85D55C7295F85B200569A77 /* GroupListTitleView.swift */,
				F80CA268294778FA002AD2C6 /* GroupListRowView.swift */,
				F80CA274294ABA24002AD2C6 /* HTML.swift */,
				F85D99BC2968C9C500DE37E0 /* IETFNextError.swift */,
				F8E9B9CC2934295E00CA6F09 /* Load.swift */,
				F8E9BA102935624100CA6F09 /* LocationListView.swift */,
				F865B9F1295930AB00C3DB13 /* LocationDetailView.swift */,
				F88B7E5B2960931B00F770C9 /* LocationPhotoMenuView.swift */,
				F85D55C1295E72B100569A77 /* MacOSCompat.swift */,
				F8E9B9D22935070D00CA6F09 /* MeetingListView.swift */,
				F8E9BA1229366A4000CA6F09 /* MeetingListRowView.swift */,
				F85D99C22968CC9E00DE37E0 /* RFC+Extension.swift */,
				F8249B2F297ABB1F004B66DF /* RFCDetailView.swift */,
				F884CA2F29762AF7004B45C7 /* RFCListRowView.swift */,
				F8F129C429776E970096B3D4 /* RFCFilterMenu.swift */,
				F82FFEAE2965D897007AA54A /* RFCListView.swift */,
				F8F129C2297752A90096B3D4 /* RFCListTitleView.swift */,
				F82FFEAB2964C8FE007AA54A /* RFCParser.swift */,
				F85D99BA2968C55000DE37E0 /* RFCProvider.swift */,
				F85D55C3295F71DB00569A77 /* SessionFilterMenu.swift */,
				F8E9BA162937EB2C00CA6F09 /* SessionListRowView.swift */,
				F80CA26C2947BC73002AD2C6 /* SessionListLocationView.swift */,
				F8E127BF293EA7A4004A35E8 /* SessionListView.swift */,
				F85D55C5295F7A7500569A77 /* SessionListTitleView.swift */,
				F83750602978741400EBABB4 /* SplitViewContent.swift */,
				F855A19829803C1F00CDE2C9 /* UIDevice+Extension.swift */,
				F8E9BA142936B5FA00CA6F09 /* WebView.swift */,
				F8E9B9A52934101300CA6F09 /* Assets.xcassets */,
				F8E9B9A72934101300CA6F09 /* IETFNext.entitlements */,
				F8E9B9A02934101200CA6F09 /* IETFNext.xcdatamodeld */,
				F8E9B9A82934101300CA6F09 /* Preview Content */,
			);
			path = IETFNext;
			sourceTree = "<group>";
		};
		F8E9B9A82934101300CA6F09 /* Preview Content */ = {
			isa = PBXGroup;
			children = (
				F8E9B9A92934101300CA6F09 /* Preview Assets.xcassets */,
			);
			path = "Preview Content";
			sourceTree = "<group>";
		};
		F8E9B9B22934101300CA6F09 /* IETFNextTests */ = {
			isa = PBXGroup;
			children = (
				F8E9B9B32934101300CA6F09 /* IETFNextTests.swift */,
			);
			path = IETFNextTests;
			sourceTree = "<group>";
		};
		F8E9B9BC2934101300CA6F09 /* IETFNextUITests */ = {
			isa = PBXGroup;
			children = (
				F8E9B9BD2934101300CA6F09 /* IETFNextUITests.swift */,
				F8E9B9BF2934101300CA6F09 /* IETFNextUITestsLaunchTests.swift */,
			);
			path = IETFNextUITests;
			sourceTree = "<group>";
		};
/* End PBXGroup section */

/* Begin PBXNativeTarget section */
		F8E9B9982934101200CA6F09 /* IETFNext */ = {
			isa = PBXNativeTarget;
			buildConfigurationList = F8E9B9C32934101300CA6F09 /* Build configuration list for PBXNativeTarget "IETFNext" */;
			buildPhases = (
				F8E127C72943EF86004A35E8 /* Git Run Script */,
				F8E9B9952934101200CA6F09 /* Sources */,
				F8E9B9962934101200CA6F09 /* Frameworks */,
				F8E9B9972934101200CA6F09 /* Resources */,
			);
			buildRules = (
			);
			dependencies = (
			);
			name = IETFNext;
			packageProductDependencies = (
				F87E0F41294FD45800E1E1A8 /* MarkdownKit */,
				F82FFEA92964C73C007AA54A /* SwiftyXMLParser */,
				F884CA282974CF45004B45C7 /* graphvizFramework */,
				F884CA2B2974CF5F004B45C7 /* GraphViz */,
			);
			productName = IETFNext;
			productReference = F8E9B9992934101200CA6F09 /* IETFNext.app */;
			productType = "com.apple.product-type.application";
		};
		F8E9B9AE2934101300CA6F09 /* IETFNextTests */ = {
			isa = PBXNativeTarget;
			buildConfigurationList = F8E9B9C62934101300CA6F09 /* Build configuration list for PBXNativeTarget "IETFNextTests" */;
			buildPhases = (
				F8E9B9AB2934101300CA6F09 /* Sources */,
				F8E9B9AC2934101300CA6F09 /* Frameworks */,
				F8E9B9AD2934101300CA6F09 /* Resources */,
			);
			buildRules = (
			);
			dependencies = (
				F8E9B9B12934101300CA6F09 /* PBXTargetDependency */,
			);
			name = IETFNextTests;
			productName = IETFNextTests;
			productReference = F8E9B9AF2934101300CA6F09 /* IETFNextTests.xctest */;
			productType = "com.apple.product-type.bundle.unit-test";
		};
		F8E9B9B82934101300CA6F09 /* IETFNextUITests */ = {
			isa = PBXNativeTarget;
			buildConfigurationList = F8E9B9C92934101300CA6F09 /* Build configuration list for PBXNativeTarget "IETFNextUITests" */;
			buildPhases = (
				F8E9B9B52934101300CA6F09 /* Sources */,
				F8E9B9B62934101300CA6F09 /* Frameworks */,
				F8E9B9B72934101300CA6F09 /* Resources */,
			);
			buildRules = (
			);
			dependencies = (
				F8E9B9BB2934101300CA6F09 /* PBXTargetDependency */,
			);
			name = IETFNextUITests;
			productName = IETFNextUITests;
			productReference = F8E9B9B92934101300CA6F09 /* IETFNextUITests.xctest */;
			productType = "com.apple.product-type.bundle.ui-testing";
		};
/* End PBXNativeTarget section */

/* Begin PBXProject section */
		F8E9B9912934101200CA6F09 /* Project object */ = {
			isa = PBXProject;
			attributes = {
				BuildIndependentTargetsInParallel = 1;
				LastSwiftUpdateCheck = 1410;
				LastUpgradeCheck = 1420;
				TargetAttributes = {
					F8E9B9982934101200CA6F09 = {
						CreatedOnToolsVersion = 14.1;
					};
					F8E9B9AE2934101300CA6F09 = {
						CreatedOnToolsVersion = 14.1;
						TestTargetID = F8E9B9982934101200CA6F09;
					};
					F8E9B9B82934101300CA6F09 = {
						CreatedOnToolsVersion = 14.1;
						TestTargetID = F8E9B9982934101200CA6F09;
					};
				};
			};
			buildConfigurationList = F8E9B9942934101200CA6F09 /* Build configuration list for PBXProject "IETFNext" */;
			compatibilityVersion = "Xcode 14.0";
			developmentRegion = en;
			hasScannedForEncodings = 0;
			knownRegions = (
				en,
				Base,
			);
			mainGroup = F8E9B9902934101200CA6F09;
			packageReferences = (
				F87E0F40294FD45800E1E1A8 /* XCRemoteSwiftPackageReference "swift-markdownkit" */,
				F82FFEA82964C73C007AA54A /* XCRemoteSwiftPackageReference "SwiftyXMLParser" */,
				F884CA272974CF45004B45C7 /* XCRemoteSwiftPackageReference "GraphvizFrameworkPkg" */,
				F884CA2A2974CF5F004B45C7 /* XCRemoteSwiftPackageReference "GraphViz" */,
			);
			productRefGroup = F8E9B99A2934101200CA6F09 /* Products */;
			projectDirPath = "";
			projectRoot = "";
			targets = (
				F8E9B9982934101200CA6F09 /* IETFNext */,
				F8E9B9AE2934101300CA6F09 /* IETFNextTests */,
				F8E9B9B82934101300CA6F09 /* IETFNextUITests */,
			);
		};
/* End PBXProject section */

/* Begin PBXResourcesBuildPhase section */
		F8E9B9972934101200CA6F09 /* Resources */ = {
			isa = PBXResourcesBuildPhase;
			buildActionMask = 2147483647;
			files = (
				F8E9B9AA2934101300CA6F09 /* Preview Assets.xcassets in Resources */,
				F8E9B9A62934101300CA6F09 /* Assets.xcassets in Resources */,
			);
			runOnlyForDeploymentPostprocessing = 0;
		};
		F8E9B9AD2934101300CA6F09 /* Resources */ = {
			isa = PBXResourcesBuildPhase;
			buildActionMask = 2147483647;
			files = (
			);
			runOnlyForDeploymentPostprocessing = 0;
		};
		F8E9B9B72934101300CA6F09 /* Resources */ = {
			isa = PBXResourcesBuildPhase;
			buildActionMask = 2147483647;
			files = (
			);
			runOnlyForDeploymentPostprocessing = 0;
		};
/* End PBXResourcesBuildPhase section */

/* Begin PBXShellScriptBuildPhase section */
		F8E127C72943EF86004A35E8 /* Git Run Script */ = {
			isa = PBXShellScriptBuildPhase;
			alwaysOutOfDate = 1;
			buildActionMask = 2147483647;
			files = (
			);
			inputFileListPaths = (
			);
			inputPaths = (
			);
			name = "Git Run Script";
			outputFileListPaths = (
			);
			outputPaths = (
			);
			runOnlyForDeploymentPostprocessing = 0;
			shellPath = /bin/sh;
			shellScript = "REV=`git rev-parse --verify --short HEAD 2>/dev/null`\necho \"struct Git { static let kRevisionNumber=\\\"$REV\\\" }\" > ${PROJECT_DIR}/Revision.swift\n";
		};
/* End PBXShellScriptBuildPhase section */

/* Begin PBXSourcesBuildPhase section */
		F8E9B9952934101200CA6F09 /* Sources */ = {
			isa = PBXSourcesBuildPhase;
			buildActionMask = 2147483647;
			files = (
				F82FFEAC2964C8FF007AA54A /* RFCParser.swift in Sources */,
				F80CA271294920D9002AD2C6 /* DownloadViewModel.swift in Sources */,
				F85D55C6295F7A7500569A77 /* SessionListTitleView.swift in Sources */,
				F8E9BA112935624100CA6F09 /* LocationListView.swift in Sources */,
				F82FFEA529624ED1007AA54A /* DownloadDetailView.swift in Sources */,
				F8F129C3297752A90096B3D4 /* RFCListTitleView.swift in Sources */,
				F865B9F2295930AB00C3DB13 /* LocationDetailView.swift in Sources */,
				F8E9BA1329366A4000CA6F09 /* MeetingListRowView.swift in Sources */,
				F85D55C2295E72B100569A77 /* MacOSCompat.swift in Sources */,
				F85D55C4295F71DB00569A77 /* SessionFilterMenu.swift in Sources */,
				F8E9B9D32935070D00CA6F09 /* MeetingListView.swift in Sources */,
				F8249B30297ABB1F004B66DF /* RFCDetailView.swift in Sources */,
				F80CA269294778FA002AD2C6 /* GroupListRowView.swift in Sources */,
				F80CA26D2947BC73002AD2C6 /* SessionListLocationView.swift in Sources */,
				F8E127C22940E254004A35E8 /* DetailView.swift in Sources */,
				F8E9B99D2934101200CA6F09 /* IETFNextApp.swift in Sources */,
				F884CA2E29762A72004B45C7 /* BCPListView.swift in Sources */,
				F8E127BC293BFE1B004A35E8 /* AreaColors.swift in Sources */,
				F8E9B9CD2934295E00CA6F09 /* Load.swift in Sources */,
				F85D99BB2968C55000DE37E0 /* RFCProvider.swift in Sources */,
				F83750612978741400EBABB4 /* SplitViewContent.swift in Sources */,
				F8E127C0293EA7A4004A35E8 /* SessionListView.swift in Sources */,
				F8E127C92943F13B004A35E8 /* Revision.swift in Sources */,
				F8E9B9A22934101200CA6F09 /* IETFNext.xcdatamodeld in Sources */,
				F884CA3029762AF7004B45C7 /* RFCListRowView.swift in Sources */,
				F855A19929803C1F00CDE2C9 /* UIDevice+Extension.swift in Sources */,
				F8249B2E2979DC83004B66DF /* DynamicFetchRequestView.swift in Sources */,
				F8F129C529776E970096B3D4 /* RFCFilterMenu.swift in Sources */,
				F8E127C62942BF18004A35E8 /* DocumentListView.swift in Sources */,
				F85D55C0295E05F900569A77 /* DetailViewUnwrapped.swift in Sources */,
				F8E9B9A42934101200CA6F09 /* ContentView.swift in Sources */,
				F85D99BD2968C9C500DE37E0 /* IETFNextError.swift in Sources */,
				F85D99C32968CC9E00DE37E0 /* RFC+Extension.swift in Sources */,
				F85D55C8295F85B200569A77 /* GroupListTitleView.swift in Sources */,
				F85D55CA295F86DC00569A77 /* GroupFilterMenu.swift in Sources */,
				F8E9BA172937EB2C00CA6F09 /* SessionListRowView.swift in Sources */,
				F884CA3229762C99004B45C7 /* Graph.swift in Sources */,
				F80CA26729469B60002AD2C6 /* DownloadListView.swift in Sources */,
				F88B7E5C2960931B00F770C9 /* LocationPhotoMenuView.swift in Sources */,
				F8E127BE293E46FA004A35E8 /* GroupListFilteredView.swift in Sources */,
				F80CA275294ABA24002AD2C6 /* HTML.swift in Sources */,
				F82FFEAF2965D897007AA54A /* RFCListView.swift in Sources */,
				F8E9BA152936B5FA00CA6F09 /* WebView.swift in Sources */,
			);
			runOnlyForDeploymentPostprocessing = 0;
		};
		F8E9B9AB2934101300CA6F09 /* Sources */ = {
			isa = PBXSourcesBuildPhase;
			buildActionMask = 2147483647;
			files = (
				F8E9B9B42934101300CA6F09 /* IETFNextTests.swift in Sources */,
			);
			runOnlyForDeploymentPostprocessing = 0;
		};
		F8E9B9B52934101300CA6F09 /* Sources */ = {
			isa = PBXSourcesBuildPhase;
			buildActionMask = 2147483647;
			files = (
				F8E9B9C02934101300CA6F09 /* IETFNextUITestsLaunchTests.swift in Sources */,
				F8E9B9BE2934101300CA6F09 /* IETFNextUITests.swift in Sources */,
			);
			runOnlyForDeploymentPostprocessing = 0;
		};
/* End PBXSourcesBuildPhase section */

/* Begin PBXTargetDependency section */
		F8E9B9B12934101300CA6F09 /* PBXTargetDependency */ = {
			isa = PBXTargetDependency;
			target = F8E9B9982934101200CA6F09 /* IETFNext */;
			targetProxy = F8E9B9B02934101300CA6F09 /* PBXContainerItemProxy */;
		};
		F8E9B9BB2934101300CA6F09 /* PBXTargetDependency */ = {
			isa = PBXTargetDependency;
			target = F8E9B9982934101200CA6F09 /* IETFNext */;
			targetProxy = F8E9B9BA2934101300CA6F09 /* PBXContainerItemProxy */;
		};
/* End PBXTargetDependency section */

/* Begin XCBuildConfiguration section */
		F8E9B9C12934101300CA6F09 /* Debug */ = {
			isa = XCBuildConfiguration;
			buildSettings = {
				ALWAYS_SEARCH_USER_PATHS = NO;
				CLANG_ANALYZER_NONNULL = YES;
				CLANG_ANALYZER_NUMBER_OBJECT_CONVERSION = YES_AGGRESSIVE;
				CLANG_CXX_LANGUAGE_STANDARD = "gnu++20";
				CLANG_ENABLE_MODULES = YES;
				CLANG_ENABLE_OBJC_ARC = YES;
				CLANG_ENABLE_OBJC_WEAK = YES;
				CLANG_WARN_BLOCK_CAPTURE_AUTORELEASING = YES;
				CLANG_WARN_BOOL_CONVERSION = YES;
				CLANG_WARN_COMMA = YES;
				CLANG_WARN_CONSTANT_CONVERSION = YES;
				CLANG_WARN_DEPRECATED_OBJC_IMPLEMENTATIONS = YES;
				CLANG_WARN_DIRECT_OBJC_ISA_USAGE = YES_ERROR;
				CLANG_WARN_DOCUMENTATION_COMMENTS = YES;
				CLANG_WARN_EMPTY_BODY = YES;
				CLANG_WARN_ENUM_CONVERSION = YES;
				CLANG_WARN_INFINITE_RECURSION = YES;
				CLANG_WARN_INT_CONVERSION = YES;
				CLANG_WARN_NON_LITERAL_NULL_CONVERSION = YES;
				CLANG_WARN_OBJC_IMPLICIT_RETAIN_SELF = YES;
				CLANG_WARN_OBJC_LITERAL_CONVERSION = YES;
				CLANG_WARN_OBJC_ROOT_CLASS = YES_ERROR;
				CLANG_WARN_QUOTED_INCLUDE_IN_FRAMEWORK_HEADER = YES;
				CLANG_WARN_RANGE_LOOP_ANALYSIS = YES;
				CLANG_WARN_STRICT_PROTOTYPES = YES;
				CLANG_WARN_SUSPICIOUS_MOVE = YES;
				CLANG_WARN_UNGUARDED_AVAILABILITY = YES_AGGRESSIVE;
				CLANG_WARN_UNREACHABLE_CODE = YES;
				CLANG_WARN__DUPLICATE_METHOD_MATCH = YES;
				COPY_PHASE_STRIP = NO;
				DEAD_CODE_STRIPPING = YES;
				DEBUG_INFORMATION_FORMAT = dwarf;
				ENABLE_STRICT_OBJC_MSGSEND = YES;
				ENABLE_TESTABILITY = YES;
				GCC_C_LANGUAGE_STANDARD = gnu11;
				GCC_DYNAMIC_NO_PIC = NO;
				GCC_NO_COMMON_BLOCKS = YES;
				GCC_OPTIMIZATION_LEVEL = 0;
				GCC_PREPROCESSOR_DEFINITIONS = (
					"DEBUG=1",
					"$(inherited)",
				);
				GCC_WARN_64_TO_32_BIT_CONVERSION = YES;
				GCC_WARN_ABOUT_RETURN_TYPE = YES_ERROR;
				GCC_WARN_UNDECLARED_SELECTOR = YES;
				GCC_WARN_UNINITIALIZED_AUTOS = YES_AGGRESSIVE;
				GCC_WARN_UNUSED_FUNCTION = YES;
				GCC_WARN_UNUSED_VARIABLE = YES;
				MTL_ENABLE_DEBUG_INFO = INCLUDE_SOURCE;
				MTL_FAST_MATH = YES;
				ONLY_ACTIVE_ARCH = YES;
				SWIFT_ACTIVE_COMPILATION_CONDITIONS = DEBUG;
				SWIFT_OPTIMIZATION_LEVEL = "-Onone";
			};
			name = Debug;
		};
		F8E9B9C22934101300CA6F09 /* Release */ = {
			isa = XCBuildConfiguration;
			buildSettings = {
				ALWAYS_SEARCH_USER_PATHS = NO;
				CLANG_ANALYZER_NONNULL = YES;
				CLANG_ANALYZER_NUMBER_OBJECT_CONVERSION = YES_AGGRESSIVE;
				CLANG_CXX_LANGUAGE_STANDARD = "gnu++20";
				CLANG_ENABLE_MODULES = YES;
				CLANG_ENABLE_OBJC_ARC = YES;
				CLANG_ENABLE_OBJC_WEAK = YES;
				CLANG_WARN_BLOCK_CAPTURE_AUTORELEASING = YES;
				CLANG_WARN_BOOL_CONVERSION = YES;
				CLANG_WARN_COMMA = YES;
				CLANG_WARN_CONSTANT_CONVERSION = YES;
				CLANG_WARN_DEPRECATED_OBJC_IMPLEMENTATIONS = YES;
				CLANG_WARN_DIRECT_OBJC_ISA_USAGE = YES_ERROR;
				CLANG_WARN_DOCUMENTATION_COMMENTS = YES;
				CLANG_WARN_EMPTY_BODY = YES;
				CLANG_WARN_ENUM_CONVERSION = YES;
				CLANG_WARN_INFINITE_RECURSION = YES;
				CLANG_WARN_INT_CONVERSION = YES;
				CLANG_WARN_NON_LITERAL_NULL_CONVERSION = YES;
				CLANG_WARN_OBJC_IMPLICIT_RETAIN_SELF = YES;
				CLANG_WARN_OBJC_LITERAL_CONVERSION = YES;
				CLANG_WARN_OBJC_ROOT_CLASS = YES_ERROR;
				CLANG_WARN_QUOTED_INCLUDE_IN_FRAMEWORK_HEADER = YES;
				CLANG_WARN_RANGE_LOOP_ANALYSIS = YES;
				CLANG_WARN_STRICT_PROTOTYPES = YES;
				CLANG_WARN_SUSPICIOUS_MOVE = YES;
				CLANG_WARN_UNGUARDED_AVAILABILITY = YES_AGGRESSIVE;
				CLANG_WARN_UNREACHABLE_CODE = YES;
				CLANG_WARN__DUPLICATE_METHOD_MATCH = YES;
				COPY_PHASE_STRIP = NO;
				DEAD_CODE_STRIPPING = YES;
				DEBUG_INFORMATION_FORMAT = "dwarf-with-dsym";
				ENABLE_NS_ASSERTIONS = NO;
				ENABLE_STRICT_OBJC_MSGSEND = YES;
				GCC_C_LANGUAGE_STANDARD = gnu11;
				GCC_NO_COMMON_BLOCKS = YES;
				GCC_WARN_64_TO_32_BIT_CONVERSION = YES;
				GCC_WARN_ABOUT_RETURN_TYPE = YES_ERROR;
				GCC_WARN_UNDECLARED_SELECTOR = YES;
				GCC_WARN_UNINITIALIZED_AUTOS = YES_AGGRESSIVE;
				GCC_WARN_UNUSED_FUNCTION = YES;
				GCC_WARN_UNUSED_VARIABLE = YES;
				MTL_ENABLE_DEBUG_INFO = NO;
				MTL_FAST_MATH = YES;
				SWIFT_COMPILATION_MODE = wholemodule;
				SWIFT_OPTIMIZATION_LEVEL = "-O";
			};
			name = Release;
		};
		F8E9B9C42934101300CA6F09 /* Debug */ = {
			isa = XCBuildConfiguration;
			buildSettings = {
				ASSETCATALOG_COMPILER_APPICON_NAME = AppIcon;
				ASSETCATALOG_COMPILER_GLOBAL_ACCENT_COLOR_NAME = AccentColor;
				CODE_SIGN_ENTITLEMENTS = IETFNext/IETFNext.entitlements;
				CODE_SIGN_IDENTITY = "-";
				"CODE_SIGN_IDENTITY[sdk=iphoneos*]" = "Apple Development";
				"CODE_SIGN_IDENTITY[sdk=macosx*]" = "Apple Development";
				CODE_SIGN_STYLE = Automatic;
				CURRENT_PROJECT_VERSION = 4;
				DEAD_CODE_STRIPPING = YES;
				DEVELOPMENT_ASSET_PATHS = "\"IETFNext/Preview Content\"";
				DEVELOPMENT_TEAM = H34JG5K6Q7;
				ENABLE_HARDENED_RUNTIME = NO;
				"ENABLE_HARDENED_RUNTIME[sdk=macosx*]" = YES;
				ENABLE_PREVIEWS = YES;
				GENERATE_INFOPLIST_FILE = YES;
				INFOPLIST_FILE = IETFNext/Info.plist;
				INFOPLIST_KEY_CFBundleDisplayName = "IETF Next";
				INFOPLIST_KEY_LSApplicationCategoryType = "public.app-category.utilities";
				"INFOPLIST_KEY_UIApplicationSceneManifest_Generation[sdk=iphoneos*]" = YES;
				"INFOPLIST_KEY_UIApplicationSceneManifest_Generation[sdk=iphonesimulator*]" = YES;
				"INFOPLIST_KEY_UIApplicationSupportsIndirectInputEvents[sdk=iphoneos*]" = YES;
				"INFOPLIST_KEY_UIApplicationSupportsIndirectInputEvents[sdk=iphonesimulator*]" = YES;
				"INFOPLIST_KEY_UILaunchScreen_Generation[sdk=iphoneos*]" = YES;
				"INFOPLIST_KEY_UILaunchScreen_Generation[sdk=iphonesimulator*]" = YES;
				"INFOPLIST_KEY_UIStatusBarStyle[sdk=iphoneos*]" = UIStatusBarStyleDefault;
				"INFOPLIST_KEY_UIStatusBarStyle[sdk=iphonesimulator*]" = UIStatusBarStyleDefault;
				INFOPLIST_KEY_UISupportedInterfaceOrientations = "UIInterfaceOrientationLandscapeLeft UIInterfaceOrientationLandscapeRight UIInterfaceOrientationPortrait";
				INFOPLIST_KEY_UISupportedInterfaceOrientations_iPad = "UIInterfaceOrientationLandscapeLeft UIInterfaceOrientationLandscapeRight UIInterfaceOrientationPortrait UIInterfaceOrientationPortraitUpsideDown";
				IPHONEOS_DEPLOYMENT_TARGET = 16.1;
				LD_RUNPATH_SEARCH_PATHS = "@executable_path/Frameworks";
				"LD_RUNPATH_SEARCH_PATHS[sdk=macosx*]" = "@executable_path/../Frameworks";
				MACOSX_DEPLOYMENT_TARGET = 13.0;
				MARKETING_VERSION = 0.7;
				PRODUCT_BUNDLE_IDENTIFIER = com.bangj.IETFNext;
				PRODUCT_NAME = "$(TARGET_NAME)";
				SDKROOT = auto;
				SKIP_INSTALL = NO;
				SUPPORTED_PLATFORMS = "iphoneos iphonesimulator macosx";
				SWIFT_EMIT_LOC_STRINGS = YES;
				SWIFT_VERSION = 5.0;
				TARGETED_DEVICE_FAMILY = "1,2";
			};
			name = Debug;
		};
		F8E9B9C52934101300CA6F09 /* Release */ = {
			isa = XCBuildConfiguration;
			buildSettings = {
				ASSETCATALOG_COMPILER_APPICON_NAME = AppIcon;
				ASSETCATALOG_COMPILER_GLOBAL_ACCENT_COLOR_NAME = AccentColor;
				CODE_SIGN_ENTITLEMENTS = IETFNext/IETFNext.entitlements;
				CODE_SIGN_IDENTITY = "-";
				"CODE_SIGN_IDENTITY[sdk=iphoneos*]" = "Apple Development";
				"CODE_SIGN_IDENTITY[sdk=macosx*]" = "Apple Development";
				CODE_SIGN_STYLE = Automatic;
				CURRENT_PROJECT_VERSION = 4;
				DEAD_CODE_STRIPPING = YES;
				DEVELOPMENT_ASSET_PATHS = "\"IETFNext/Preview Content\"";
				DEVELOPMENT_TEAM = H34JG5K6Q7;
				ENABLE_HARDENED_RUNTIME = NO;
				"ENABLE_HARDENED_RUNTIME[sdk=macosx*]" = YES;
				ENABLE_PREVIEWS = YES;
				GENERATE_INFOPLIST_FILE = YES;
				INFOPLIST_FILE = IETFNext/Info.plist;
				INFOPLIST_KEY_CFBundleDisplayName = "IETF Next";
				INFOPLIST_KEY_LSApplicationCategoryType = "public.app-category.utilities";
				"INFOPLIST_KEY_UIApplicationSceneManifest_Generation[sdk=iphoneos*]" = YES;
				"INFOPLIST_KEY_UIApplicationSceneManifest_Generation[sdk=iphonesimulator*]" = YES;
				"INFOPLIST_KEY_UIApplicationSupportsIndirectInputEvents[sdk=iphoneos*]" = YES;
				"INFOPLIST_KEY_UIApplicationSupportsIndirectInputEvents[sdk=iphonesimulator*]" = YES;
				"INFOPLIST_KEY_UILaunchScreen_Generation[sdk=iphoneos*]" = YES;
				"INFOPLIST_KEY_UILaunchScreen_Generation[sdk=iphonesimulator*]" = YES;
				"INFOPLIST_KEY_UIStatusBarStyle[sdk=iphoneos*]" = UIStatusBarStyleDefault;
				"INFOPLIST_KEY_UIStatusBarStyle[sdk=iphonesimulator*]" = UIStatusBarStyleDefault;
				INFOPLIST_KEY_UISupportedInterfaceOrientations = "UIInterfaceOrientationLandscapeLeft UIInterfaceOrientationLandscapeRight UIInterfaceOrientationPortrait";
				INFOPLIST_KEY_UISupportedInterfaceOrientations_iPad = "UIInterfaceOrientationLandscapeLeft UIInterfaceOrientationLandscapeRight UIInterfaceOrientationPortrait UIInterfaceOrientationPortraitUpsideDown";
				IPHONEOS_DEPLOYMENT_TARGET = 16.1;
				LD_RUNPATH_SEARCH_PATHS = "@executable_path/Frameworks";
				"LD_RUNPATH_SEARCH_PATHS[sdk=macosx*]" = "@executable_path/../Frameworks";
				MACOSX_DEPLOYMENT_TARGET = 13.0;
				MARKETING_VERSION = 0.7;
				PRODUCT_BUNDLE_IDENTIFIER = com.bangj.IETFNext;
				PRODUCT_NAME = "$(TARGET_NAME)";
				SDKROOT = auto;
				SKIP_INSTALL = NO;
				SUPPORTED_PLATFORMS = "iphoneos iphonesimulator macosx";
				SWIFT_EMIT_LOC_STRINGS = YES;
				SWIFT_VERSION = 5.0;
				TARGETED_DEVICE_FAMILY = "1,2";
			};
			name = Release;
		};
		F8E9B9C72934101300CA6F09 /* Debug */ = {
			isa = XCBuildConfiguration;
			buildSettings = {
				ALWAYS_EMBED_SWIFT_STANDARD_LIBRARIES = YES;
				BUNDLE_LOADER = "$(TEST_HOST)";
				CODE_SIGN_STYLE = Automatic;
				CURRENT_PROJECT_VERSION = 1;
				DEAD_CODE_STRIPPING = YES;
				DEVELOPMENT_TEAM = H34JG5K6Q7;
				GENERATE_INFOPLIST_FILE = YES;
				IPHONEOS_DEPLOYMENT_TARGET = 16.1;
				MACOSX_DEPLOYMENT_TARGET = 12.6;
				MARKETING_VERSION = 1.0;
				PRODUCT_BUNDLE_IDENTIFIER = com.bangj.IETFNextTests;
				PRODUCT_NAME = "$(TARGET_NAME)";
				SDKROOT = auto;
				SUPPORTED_PLATFORMS = "iphoneos iphonesimulator macosx";
				SWIFT_EMIT_LOC_STRINGS = NO;
				SWIFT_VERSION = 5.0;
				TARGETED_DEVICE_FAMILY = "1,2";
				TEST_HOST = "$(BUILT_PRODUCTS_DIR)/IETFNext.app/$(BUNDLE_EXECUTABLE_FOLDER_PATH)/IETFNext";
			};
			name = Debug;
		};
		F8E9B9C82934101300CA6F09 /* Release */ = {
			isa = XCBuildConfiguration;
			buildSettings = {
				ALWAYS_EMBED_SWIFT_STANDARD_LIBRARIES = YES;
				BUNDLE_LOADER = "$(TEST_HOST)";
				CODE_SIGN_STYLE = Automatic;
				CURRENT_PROJECT_VERSION = 1;
				DEAD_CODE_STRIPPING = YES;
				DEVELOPMENT_TEAM = H34JG5K6Q7;
				GENERATE_INFOPLIST_FILE = YES;
				IPHONEOS_DEPLOYMENT_TARGET = 16.1;
				MACOSX_DEPLOYMENT_TARGET = 12.6;
				MARKETING_VERSION = 1.0;
				PRODUCT_BUNDLE_IDENTIFIER = com.bangj.IETFNextTests;
				PRODUCT_NAME = "$(TARGET_NAME)";
				SDKROOT = auto;
				SUPPORTED_PLATFORMS = "iphoneos iphonesimulator macosx";
				SWIFT_EMIT_LOC_STRINGS = NO;
				SWIFT_VERSION = 5.0;
				TARGETED_DEVICE_FAMILY = "1,2";
				TEST_HOST = "$(BUILT_PRODUCTS_DIR)/IETFNext.app/$(BUNDLE_EXECUTABLE_FOLDER_PATH)/IETFNext";
			};
			name = Release;
		};
		F8E9B9CA2934101300CA6F09 /* Debug */ = {
			isa = XCBuildConfiguration;
			buildSettings = {
				ALWAYS_EMBED_SWIFT_STANDARD_LIBRARIES = YES;
				CODE_SIGN_STYLE = Automatic;
				CURRENT_PROJECT_VERSION = 1;
				DEAD_CODE_STRIPPING = YES;
				DEVELOPMENT_TEAM = H34JG5K6Q7;
				GENERATE_INFOPLIST_FILE = YES;
				IPHONEOS_DEPLOYMENT_TARGET = 16.1;
				MACOSX_DEPLOYMENT_TARGET = 12.6;
				MARKETING_VERSION = 1.0;
				PRODUCT_BUNDLE_IDENTIFIER = com.bangj.IETFNextUITests;
				PRODUCT_NAME = "$(TARGET_NAME)";
				SDKROOT = auto;
				SUPPORTED_PLATFORMS = "iphoneos iphonesimulator macosx";
				SWIFT_EMIT_LOC_STRINGS = NO;
				SWIFT_VERSION = 5.0;
				TARGETED_DEVICE_FAMILY = "1,2";
				TEST_TARGET_NAME = IETFNext;
			};
			name = Debug;
		};
		F8E9B9CB2934101300CA6F09 /* Release */ = {
			isa = XCBuildConfiguration;
			buildSettings = {
				ALWAYS_EMBED_SWIFT_STANDARD_LIBRARIES = YES;
				CODE_SIGN_STYLE = Automatic;
				CURRENT_PROJECT_VERSION = 1;
				DEAD_CODE_STRIPPING = YES;
				DEVELOPMENT_TEAM = H34JG5K6Q7;
				GENERATE_INFOPLIST_FILE = YES;
				IPHONEOS_DEPLOYMENT_TARGET = 16.1;
				MACOSX_DEPLOYMENT_TARGET = 12.6;
				MARKETING_VERSION = 1.0;
				PRODUCT_BUNDLE_IDENTIFIER = com.bangj.IETFNextUITests;
				PRODUCT_NAME = "$(TARGET_NAME)";
				SDKROOT = auto;
				SUPPORTED_PLATFORMS = "iphoneos iphonesimulator macosx";
				SWIFT_EMIT_LOC_STRINGS = NO;
				SWIFT_VERSION = 5.0;
				TARGETED_DEVICE_FAMILY = "1,2";
				TEST_TARGET_NAME = IETFNext;
			};
			name = Release;
		};
/* End XCBuildConfiguration section */

/* Begin XCConfigurationList section */
		F8E9B9942934101200CA6F09 /* Build configuration list for PBXProject "IETFNext" */ = {
			isa = XCConfigurationList;
			buildConfigurations = (
				F8E9B9C12934101300CA6F09 /* Debug */,
				F8E9B9C22934101300CA6F09 /* Release */,
			);
			defaultConfigurationIsVisible = 0;
			defaultConfigurationName = Release;
		};
		F8E9B9C32934101300CA6F09 /* Build configuration list for PBXNativeTarget "IETFNext" */ = {
			isa = XCConfigurationList;
			buildConfigurations = (
				F8E9B9C42934101300CA6F09 /* Debug */,
				F8E9B9C52934101300CA6F09 /* Release */,
			);
			defaultConfigurationIsVisible = 0;
			defaultConfigurationName = Release;
		};
		F8E9B9C62934101300CA6F09 /* Build configuration list for PBXNativeTarget "IETFNextTests" */ = {
			isa = XCConfigurationList;
			buildConfigurations = (
				F8E9B9C72934101300CA6F09 /* Debug */,
				F8E9B9C82934101300CA6F09 /* Release */,
			);
			defaultConfigurationIsVisible = 0;
			defaultConfigurationName = Release;
		};
		F8E9B9C92934101300CA6F09 /* Build configuration list for PBXNativeTarget "IETFNextUITests" */ = {
			isa = XCConfigurationList;
			buildConfigurations = (
				F8E9B9CA2934101300CA6F09 /* Debug */,
				F8E9B9CB2934101300CA6F09 /* Release */,
			);
			defaultConfigurationIsVisible = 0;
			defaultConfigurationName = Release;
		};
/* End XCConfigurationList section */

/* Begin XCRemoteSwiftPackageReference section */
		F82FFEA82964C73C007AA54A /* XCRemoteSwiftPackageReference "SwiftyXMLParser" */ = {
			isa = XCRemoteSwiftPackageReference;
			repositoryURL = "https://github.com/yahoojapan/SwiftyXMLParser";
			requirement = {
				kind = upToNextMajorVersion;
				minimumVersion = 5.0.0;
			};
		};
		F87E0F40294FD45800E1E1A8 /* XCRemoteSwiftPackageReference "swift-markdownkit" */ = {
			isa = XCRemoteSwiftPackageReference;
			repositoryURL = "https://github.com/objecthub/swift-markdownkit.git";
			requirement = {
				kind = upToNextMajorVersion;
				minimumVersion = 1.0.0;
			};
		};
		F884CA272974CF45004B45C7 /* XCRemoteSwiftPackageReference "GraphvizFrameworkPkg" */ = {
			isa = XCRemoteSwiftPackageReference;
			repositoryURL = "https://github.com/pusateri/GraphvizFrameworkPkg";
			requirement = {
				kind = upToNextMajorVersion;
				minimumVersion = 0.2.1;
			};
		};
		F884CA2A2974CF5F004B45C7 /* XCRemoteSwiftPackageReference "GraphViz" */ = {
			isa = XCRemoteSwiftPackageReference;
			repositoryURL = "https://github.com/pusateri/GraphViz.git";
			requirement = {
				kind = upToNextMajorVersion;
				minimumVersion = 0.5.4;
			};
		};
/* End XCRemoteSwiftPackageReference section */

/* Begin XCSwiftPackageProductDependency section */
		F82FFEA92964C73C007AA54A /* SwiftyXMLParser */ = {
			isa = XCSwiftPackageProductDependency;
			package = F82FFEA82964C73C007AA54A /* XCRemoteSwiftPackageReference "SwiftyXMLParser" */;
			productName = SwiftyXMLParser;
		};
		F87E0F41294FD45800E1E1A8 /* MarkdownKit */ = {
			isa = XCSwiftPackageProductDependency;
			package = F87E0F40294FD45800E1E1A8 /* XCRemoteSwiftPackageReference "swift-markdownkit" */;
			productName = MarkdownKit;
		};
		F884CA282974CF45004B45C7 /* graphvizFramework */ = {
			isa = XCSwiftPackageProductDependency;
			package = F884CA272974CF45004B45C7 /* XCRemoteSwiftPackageReference "GraphvizFrameworkPkg" */;
			productName = graphvizFramework;
		};
		F884CA2B2974CF5F004B45C7 /* GraphViz */ = {
			isa = XCSwiftPackageProductDependency;
			package = F884CA2A2974CF5F004B45C7 /* XCRemoteSwiftPackageReference "GraphViz" */;
			productName = GraphViz;
		};
/* End XCSwiftPackageProductDependency section */

/* Begin XCVersionGroup section */
		F8E9B9A02934101200CA6F09 /* IETFNext.xcdatamodeld */ = {
			isa = XCVersionGroup;
			children = (
				F8C913352980B2580004D458 /* IETFNext 8.xcdatamodel */,
				F837505F2978527000EBABB4 /* IETFNext 7.xcdatamodel */,
				F82FFEAD2964D0DA007AA54A /* IETFNext 6.xcdatamodel */,
				F82FFEA329621B0B007AA54A /* IETFNext 5.xcdatamodel */,
				F80633BF29523631006D69AD /* IETFNext 4.xcdatamodel */,
				F80CA276294B937B002AD2C6 /* IETFNext 3.xcdatamodel */,
				F80CA26329469780002AD2C6 /* IETFNext 2.xcdatamodel */,
				F8E9B9A12934101200CA6F09 /* IETFNext.xcdatamodel */,
			);
			currentVersion = F8C913352980B2580004D458 /* IETFNext 8.xcdatamodel */;
			path = IETFNext.xcdatamodeld;
			sourceTree = "<group>";
			versionGroupType = wrapper.xcdatamodel;
		};
/* End XCVersionGroup section */
	};
	rootObject = F8E9B9912934101200CA6F09 /* Project object */;
}
